
Microsoft Visual Studio Solution File, Format Version 12.00
# Visual Studio Version 16
VisualStudioVersion = 16.0.33927.289
MinimumVisualStudioVersion = 10.0.40219.1
Project("{2150E333-8FDC-42A3-9474-1A3956D46DE8}") = "Task0", "Task0", "{5985C083-F595-4BB9-A3C8-957B371D13F5}"
EndProject
Project("{FAE04EC0-301F-11D3-BF4B-00C04F79EFBC}") = "Tyuiu.SolovevVG.Sprint1.Task0.V8", "Tyuiu.SolovevVG.Sprint1.Task0.V8\Tyuiu.SolovevVG.Sprint1.Task0.V8.csproj", "{28CC5ED9-7ED6-43C4-9FB4-4414A1CCE1B0}"
EndProject
Project("{FAE04EC0-301F-11D3-BF4B-00C04F79EFBC}") = "Tyuiu.SolovevVG.Sprint1.Task0.V8.Test", "Tyuiu.SolovevVG.Sprint1.Task0.V8.Test\Tyuiu.SolovevVG.Sprint1.Task0.V8.Test.csproj", "{84023E9D-C660-4475-93E9-9540E80FD4B3}"
EndProject
Project("{FAE04EC0-301F-11D3-BF4B-00C04F79EFBC}") = "Tyuiu.SolovevVG.Sprint1.Task0.V8.Lib", "Tyuiu.SolovevVG.Sprint1.Task0.V8.Lib\Tyuiu.SolovevVG.Sprint1.Task0.V8.Lib.csproj", "{1C9DE768-B57E-4F19-99A2-29BC40F6A2CF}"
EndProject
Project("{2150E333-8FDC-42A3-9474-1A3956D46DE8}") = "Task1", "Task1", "{BABEFA1D-84D4-490B-8EF1-866ACA08CCDE}"
EndProject
Project("{FAE04EC0-301F-11D3-BF4B-00C04F79EFBC}") = "Tyuiu.SolovevVG.Sprint1.Task1.V4", "Tyuiu.SolovevVG.Sprint1.Task1.V4\Tyuiu.SolovevVG.Sprint1.Task1.V4.csproj", "{1C0CA208-5BB3-4DDD-801A-28D974E40AA6}"
EndProject
Project("{FAE04EC0-301F-11D3-BF4B-00C04F79EFBC}") = "Tyuiu.SolovevVG.Sprint1.Task1.V4.Lib", "Tyuiu.SolovevVG.Sprint1.Task1.V4.Lib\Tyuiu.SolovevVG.Sprint1.Task1.V4.Lib.csproj", "{8988E3DB-1632-4A1C-8B88-2CF9895CD627}"
EndProject
Project("{FAE04EC0-301F-11D3-BF4B-00C04F79EFBC}") = "Tyuiu.SolovevVG.Sprint1.Task1.V4.Test", "Tyuiu.SolovevVG.Sprint1.Task1.V4.Test\Tyuiu.SolovevVG.Sprint1.Task1.V4.Test.csproj", "{6FC34335-922C-4A10-8890-53716ABD059C}"
EndProject
Project("{2150E333-8FDC-42A3-9474-1A3956D46DE8}") = "Task2", "Task2", "{BFAC43BC-F524-44AF-AA18-7AB913E35E9D}"
EndProject
Project("{FAE04EC0-301F-11D3-BF4B-00C04F79EFBC}") = "Tyuiu.SolovevVG.Sprint1.Task2.V9", "Tyuiu.SolovevVG.Sprint1.Task2.V9\Tyuiu.SolovevVG.Sprint1.Task2.V9.csproj", "{31B2A9C9-255A-4F19-9ABD-BA1190B8DAF8}"
EndProject
Project("{FAE04EC0-301F-11D3-BF4B-00C04F79EFBC}") = "Tyuiu.SolovevVG.Sprint1.Task2.V9.Test", "Tyuiu.SolovevVG.Sprint1.Task2.V9.Test\Tyuiu.SolovevVG.Sprint1.Task2.V9.Test.csproj", "{97B07216-5D63-427C-AA26-45409114085F}"
EndProject
Project("{FAE04EC0-301F-11D3-BF4B-00C04F79EFBC}") = "Tyuiu.SolovevVG.Sprint1.Task2.V9.Lib", "Tyuiu.SolovevVG.Sprint1.Task2.V9.Lib\Tyuiu.SolovevVG.Sprint1.Task2.V9.Lib.csproj", "{1BBC0865-2B14-44E4-B647-CD808F90CB19}"
EndProject
Project("{2150E333-8FDC-42A3-9474-1A3956D46DE8}") = "Task3", "Task3", "{151E9E76-F7D3-49B0-9D1A-AA8CFED1A254}"
EndProject
Project("{FAE04EC0-301F-11D3-BF4B-00C04F79EFBC}") = "Tyuiu.SolovevVG.Sprint1.Task3.V10", "Tyuiu.SolovevVG.Sprint1.Task3.V10\Tyuiu.SolovevVG.Sprint1.Task3.V10.csproj", "{12E55F31-881A-4DDB-B87B-B71440C0D930}"
EndProject
Project("{FAE04EC0-301F-11D3-BF4B-00C04F79EFBC}") = "Tyuiu.SolovevVG.Sprint1.Task3.V10.Lib", "Tyuiu.SolovevVG.Sprint1.Task3.V10.Lib\Tyuiu.SolovevVG.Sprint1.Task3.V10.Lib.csproj", "{2C1D712E-7E5D-4AFA-9CD3-A2D21F9DEBD4}"
EndProject
Project("{FAE04EC0-301F-11D3-BF4B-00C04F79EFBC}") = "Tyuiu.SolovevVG.Sprint1.Task3.V10.Test", "Tyuiu.SolovevVG.Sprint1.Task3.V10.Test\Tyuiu.SolovevVG.Sprint1.Task3.V10.Test.csproj", "{88FAC5B5-89A4-43D1-A822-C37E4FEDE38C}"
EndProject
Project("{2150E333-8FDC-42A3-9474-1A3956D46DE8}") = "Task4", "Task4", "{CD325FB7-6B28-4005-ACF7-98FD66AAAE73}"
EndProject
Project("{FAE04EC0-301F-11D3-BF4B-00C04F79EFBC}") = "Tyuiu.SolovevVG.Sprint1.Task4.V22", "Tyuiu.SolovevVG.Sprint1.Task4.V22\Tyuiu.SolovevVG.Sprint1.Task4.V22.csproj", "{25F05E89-58B5-450C-B9DC-D3D833BAEBC5}"
EndProject
Project("{FAE04EC0-301F-11D3-BF4B-00C04F79EFBC}") = "Tyuiu.SolovevVG.Sprint1.Task4.V22.Test", "Tyuiu.SolovevVG.Sprint1.Task4.V22.Test\Tyuiu.SolovevVG.Sprint1.Task4.V22.Test.csproj", "{E35C3491-22EF-4177-B8E4-F7D8802D9EFF}"
EndProject
Project("{FAE04EC0-301F-11D3-BF4B-00C04F79EFBC}") = "Tyuiu.SolovevVG.Sprint1.Task4.V22.Lib", "Tyuiu.SolovevVG.Sprint1.Task4.V22.Lib\Tyuiu.SolovevVG.Sprint1.Task4.V22.Lib.csproj", "{C1477985-E6D5-466A-8914-7C8B54EDEBEA}"
EndProject
Project("{2150E333-8FDC-42A3-9474-1A3956D46DE8}") = "Task5", "Task5", "{91B805C2-629A-4D38-9439-FF500FA3FEEA}"
EndProject
Project("{FAE04EC0-301F-11D3-BF4B-00C04F79EFBC}") = "Tyuiu.SolovevVG.Sprint1.Task5.V7", "Tyuiu.SolovevVG.Sprint1.Task5.V7\Tyuiu.SolovevVG.Sprint1.Task5.V7.csproj", "{4709E1AD-EADB-4556-98D3-CCE2CFD205C4}"
EndProject
Project("{FAE04EC0-301F-11D3-BF4B-00C04F79EFBC}") = "Tyuiu.SolovevVG.Sprint1.Task5.V7.Lib", "Tyuiu.SolovevVG.Sprint1.Task5.V7.Lib\Tyuiu.SolovevVG.Sprint1.Task5.V7.Lib.csproj", "{F06B333D-841A-4B4A-A27C-5BDC51A31906}"
EndProject
Project("{FAE04EC0-301F-11D3-BF4B-00C04F79EFBC}") = "Tyuiu.SolovevVG.Sprint1.Task5.V7.Test", "Tyuiu.SolovevVG.Sprint1.Task5.V7.Test\Tyuiu.SolovevVG.Sprint1.Task5.V7.Test.csproj", "{46D3EE79-BF76-44C3-BACB-63A8E9183E03}"
EndProject
Global
	GlobalSection(SolutionConfigurationPlatforms) = preSolution
		Debug|Any CPU = Debug|Any CPU
		Release|Any CPU = Release|Any CPU
	EndGlobalSection
	GlobalSection(ProjectConfigurationPlatforms) = postSolution
		{28CC5ED9-7ED6-43C4-9FB4-4414A1CCE1B0}.Debug|Any CPU.ActiveCfg = Debug|Any CPU
		{28CC5ED9-7ED6-43C4-9FB4-4414A1CCE1B0}.Debug|Any CPU.Build.0 = Debug|Any CPU
		{28CC5ED9-7ED6-43C4-9FB4-4414A1CCE1B0}.Release|Any CPU.ActiveCfg = Release|Any CPU
		{28CC5ED9-7ED6-43C4-9FB4-4414A1CCE1B0}.Release|Any CPU.Build.0 = Release|Any CPU
		{84023E9D-C660-4475-93E9-9540E80FD4B3}.Debug|Any CPU.ActiveCfg = Debug|Any CPU
		{84023E9D-C660-4475-93E9-9540E80FD4B3}.Debug|Any CPU.Build.0 = Debug|Any CPU
		{84023E9D-C660-4475-93E9-9540E80FD4B3}.Release|Any CPU.ActiveCfg = Release|Any CPU
		{84023E9D-C660-4475-93E9-9540E80FD4B3}.Release|Any CPU.Build.0 = Release|Any CPU
		{1C9DE768-B57E-4F19-99A2-29BC40F6A2CF}.Debug|Any CPU.ActiveCfg = Debug|Any CPU
		{1C9DE768-B57E-4F19-99A2-29BC40F6A2CF}.Debug|Any CPU.Build.0 = Debug|Any CPU
		{1C9DE768-B57E-4F19-99A2-29BC40F6A2CF}.Release|Any CPU.ActiveCfg = Release|Any CPU
		{1C9DE768-B57E-4F19-99A2-29BC40F6A2CF}.Release|Any CPU.Build.0 = Release|Any CPU
		{1C0CA208-5BB3-4DDD-801A-28D974E40AA6}.Debug|Any CPU.ActiveCfg = Debug|Any CPU
		{1C0CA208-5BB3-4DDD-801A-28D974E40AA6}.Debug|Any CPU.Build.0 = Debug|Any CPU
		{1C0CA208-5BB3-4DDD-801A-28D974E40AA6}.Release|Any CPU.ActiveCfg = Release|Any CPU
		{1C0CA208-5BB3-4DDD-801A-28D974E40AA6}.Release|Any CPU.Build.0 = Release|Any CPU
		{8988E3DB-1632-4A1C-8B88-2CF9895CD627}.Debug|Any CPU.ActiveCfg = Debug|Any CPU
		{8988E3DB-1632-4A1C-8B88-2CF9895CD627}.Debug|Any CPU.Build.0 = Debug|Any CPU
		{8988E3DB-1632-4A1C-8B88-2CF9895CD627}.Release|Any CPU.ActiveCfg = Release|Any CPU
		{8988E3DB-1632-4A1C-8B88-2CF9895CD627}.Release|Any CPU.Build.0 = Release|Any CPU
		{6FC34335-922C-4A10-8890-53716ABD059C}.Debug|Any CPU.ActiveCfg = Debug|Any CPU
		{6FC34335-922C-4A10-8890-53716ABD059C}.Debug|Any CPU.Build.0 = Debug|Any CPU
		{6FC34335-922C-4A10-8890-53716ABD059C}.Release|Any CPU.ActiveCfg = Release|Any CPU
		{6FC34335-922C-4A10-8890-53716ABD059C}.Release|Any CPU.Build.0 = Release|Any CPU
		{31B2A9C9-255A-4F19-9ABD-BA1190B8DAF8}.Debug|Any CPU.ActiveCfg = Debug|Any CPU
		{31B2A9C9-255A-4F19-9ABD-BA1190B8DAF8}.Debug|Any CPU.Build.0 = Debug|Any CPU
		{31B2A9C9-255A-4F19-9ABD-BA1190B8DAF8}.Release|Any CPU.ActiveCfg = Release|Any CPU
		{31B2A9C9-255A-4F19-9ABD-BA1190B8DAF8}.Release|Any CPU.Build.0 = Release|Any CPU
		{97B07216-5D63-427C-AA26-45409114085F}.Debug|Any CPU.ActiveCfg = Debug|Any CPU
		{97B07216-5D63-427C-AA26-45409114085F}.Debug|Any CPU.Build.0 = Debug|Any CPU
		{97B07216-5D63-427C-AA26-45409114085F}.Release|Any CPU.ActiveCfg = Release|Any CPU
		{97B07216-5D63-427C-AA26-45409114085F}.Release|Any CPU.Build.0 = Release|Any CPU
		{1BBC0865-2B14-44E4-B647-CD808F90CB19}.Debug|Any CPU.ActiveCfg = Debug|Any CPU
		{1BBC0865-2B14-44E4-B647-CD808F90CB19}.Debug|Any CPU.Build.0 = Debug|Any CPU
		{1BBC0865-2B14-44E4-B647-CD808F90CB19}.Release|Any CPU.ActiveCfg = Release|Any CPU
		{1BBC0865-2B14-44E4-B647-CD808F90CB19}.Release|Any CPU.Build.0 = Release|Any CPU
		{12E55F31-881A-4DDB-B87B-B71440C0D930}.Debug|Any CPU.ActiveCfg = Debug|Any CPU
		{12E55F31-881A-4DDB-B87B-B71440C0D930}.Debug|Any CPU.Build.0 = Debug|Any CPU
		{12E55F31-881A-4DDB-B87B-B71440C0D930}.Release|Any CPU.ActiveCfg = Release|Any CPU
		{12E55F31-881A-4DDB-B87B-B71440C0D930}.Release|Any CPU.Build.0 = Release|Any CPU
		{2C1D712E-7E5D-4AFA-9CD3-A2D21F9DEBD4}.Debug|Any CPU.ActiveCfg = Debug|Any CPU
		{2C1D712E-7E5D-4AFA-9CD3-A2D21F9DEBD4}.Debug|Any CPU.Build.0 = Debug|Any CPU
		{2C1D712E-7E5D-4AFA-9CD3-A2D21F9DEBD4}.Release|Any CPU.ActiveCfg = Release|Any CPU
		{2C1D712E-7E5D-4AFA-9CD3-A2D21F9DEBD4}.Release|Any CPU.Build.0 = Release|Any CPU
		{88FAC5B5-89A4-43D1-A822-C37E4FEDE38C}.Debug|Any CPU.ActiveCfg = Debug|Any CPU
		{88FAC5B5-89A4-43D1-A822-C37E4FEDE38C}.Debug|Any CPU.Build.0 = Debug|Any CPU
		{88FAC5B5-89A4-43D1-A822-C37E4FEDE38C}.Release|Any CPU.ActiveCfg = Release|Any CPU
		{88FAC5B5-89A4-43D1-A822-C37E4FEDE38C}.Release|Any CPU.Build.0 = Release|Any CPU
		{25F05E89-58B5-450C-B9DC-D3D833BAEBC5}.Debug|Any CPU.ActiveCfg = Debug|Any CPU
		{25F05E89-58B5-450C-B9DC-D3D833BAEBC5}.Debug|Any CPU.Build.0 = Debug|Any CPU
		{25F05E89-58B5-450C-B9DC-D3D833BAEBC5}.Release|Any CPU.ActiveCfg = Release|Any CPU
		{25F05E89-58B5-450C-B9DC-D3D833BAEBC5}.Release|Any CPU.Build.0 = Release|Any CPU
		{E35C3491-22EF-4177-B8E4-F7D8802D9EFF}.Debug|Any CPU.ActiveCfg = Debug|Any CPU
		{E35C3491-22EF-4177-B8E4-F7D8802D9EFF}.Debug|Any CPU.Build.0 = Debug|Any CPU
		{E35C3491-22EF-4177-B8E4-F7D8802D9EFF}.Release|Any CPU.ActiveCfg = Release|Any CPU
		{E35C3491-22EF-4177-B8E4-F7D8802D9EFF}.Release|Any CPU.Build.0 = Release|Any CPU
		{C1477985-E6D5-466A-8914-7C8B54EDEBEA}.Debug|Any CPU.ActiveCfg = Debug|Any CPU
		{C1477985-E6D5-466A-8914-7C8B54EDEBEA}.Debug|Any CPU.Build.0 = Debug|Any CPU
		{C1477985-E6D5-466A-8914-7C8B54EDEBEA}.Release|Any CPU.ActiveCfg = Release|Any CPU
		{C1477985-E6D5-466A-8914-7C8B54EDEBEA}.Release|Any CPU.Build.0 = Release|Any CPU
		{4709E1AD-EADB-4556-98D3-CCE2CFD205C4}.Debug|Any CPU.ActiveCfg = Debug|Any CPU
		{4709E1AD-EADB-4556-98D3-CCE2CFD205C4}.Debug|Any CPU.Build.0 = Debug|Any CPU
		{4709E1AD-EADB-4556-98D3-CCE2CFD205C4}.Release|Any CPU.ActiveCfg = Release|Any CPU
		{4709E1AD-EADB-4556-98D3-CCE2CFD205C4}.Release|Any CPU.Build.0 = Release|Any CPU
		{F06B333D-841A-4B4A-A27C-5BDC51A31906}.Debug|Any CPU.ActiveCfg = Debug|Any CPU
		{F06B333D-841A-4B4A-A27C-5BDC51A31906}.Debug|Any CPU.Build.0 = Debug|Any CPU
		{F06B333D-841A-4B4A-A27C-5BDC51A31906}.Release|Any CPU.ActiveCfg = Release|Any CPU
		{F06B333D-841A-4B4A-A27C-5BDC51A31906}.Release|Any CPU.Build.0 = Release|Any CPU
		{46D3EE79-BF76-44C3-BACB-63A8E9183E03}.Debug|Any CPU.ActiveCfg = Debug|Any CPU
		{46D3EE79-BF76-44C3-BACB-63A8E9183E03}.Debug|Any CPU.Build.0 = Debug|Any CPU
		{46D3EE79-BF76-44C3-BACB-63A8E9183E03}.Release|Any CPU.ActiveCfg = Release|Any CPU
		{46D3EE79-BF76-44C3-BACB-63A8E9183E03}.Release|Any CPU.Build.0 = Release|Any CPU
	EndGlobalSection
	GlobalSection(SolutionProperties) = preSolution
		HideSolutionNode = FALSE
	EndGlobalSection
	GlobalSection(NestedProjects) = preSolution
		{28CC5ED9-7ED6-43C4-9FB4-4414A1CCE1B0} = {5985C083-F595-4BB9-A3C8-957B371D13F5}
		{84023E9D-C660-4475-93E9-9540E80FD4B3} = {5985C083-F595-4BB9-A3C8-957B371D13F5}
		{1C9DE768-B57E-4F19-99A2-29BC40F6A2CF} = {5985C083-F595-4BB9-A3C8-957B371D13F5}
		{1C0CA208-5BB3-4DDD-801A-28D974E40AA6} = {BABEFA1D-84D4-490B-8EF1-866ACA08CCDE}
		{8988E3DB-1632-4A1C-8B88-2CF9895CD627} = {BABEFA1D-84D4-490B-8EF1-866ACA08CCDE}
		{6FC34335-922C-4A10-8890-53716ABD059C} = {BABEFA1D-84D4-490B-8EF1-866ACA08CCDE}
		{31B2A9C9-255A-4F19-9ABD-BA1190B8DAF8} = {BFAC43BC-F524-44AF-AA18-7AB913E35E9D}
		{97B07216-5D63-427C-AA26-45409114085F} = {BFAC43BC-F524-44AF-AA18-7AB913E35E9D}
		{1BBC0865-2B14-44E4-B647-CD808F90CB19} = {BFAC43BC-F524-44AF-AA18-7AB913E35E9D}
		{12E55F31-881A-4DDB-B87B-B71440C0D930} = {151E9E76-F7D3-49B0-9D1A-AA8CFED1A254}
		{2C1D712E-7E5D-4AFA-9CD3-A2D21F9DEBD4} = {151E9E76-F7D3-49B0-9D1A-AA8CFED1A254}
		{88FAC5B5-89A4-43D1-A822-C37E4FEDE38C} = {151E9E76-F7D3-49B0-9D1A-AA8CFED1A254}
		{25F05E89-58B5-450C-B9DC-D3D833BAEBC5} = {CD325FB7-6B28-4005-ACF7-98FD66AAAE73}
		{E35C3491-22EF-4177-B8E4-F7D8802D9EFF} = {CD325FB7-6B28-4005-ACF7-98FD66AAAE73}
		{C1477985-E6D5-466A-8914-7C8B54EDEBEA} = {CD325FB7-6B28-4005-ACF7-98FD66AAAE73}
		{4709E1AD-EADB-4556-98D3-CCE2CFD205C4} = {91B805C2-629A-4D38-9439-FF500FA3FEEA}
		{F06B333D-841A-4B4A-A27C-5BDC51A31906} = {91B805C2-629A-4D38-9439-FF500FA3FEEA}
		{46D3EE79-BF76-44C3-BACB-63A8E9183E03} = {91B805C2-629A-4D38-9439-FF500FA3FEEA}
	EndGlobalSection
	GlobalSection(ExtensibilityGlobals) = postSolution
		SolutionGuid = {6980BAFC-EF6C-4CD8-8AE8-AB8FBF831479}
	EndGlobalSection
EndGlobal
