
Microsoft Visual Studio Solution File, Format Version 12.00
# Visual Studio Version 16
VisualStudioVersion = 16.0.33927.289
MinimumVisualStudioVersion = 10.0.40219.1
Project("{2150E333-8FDC-42A3-9474-1A3956D46DE8}") = "Task0", "Task0", "{5985C083-F595-4BB9-A3C8-957B371D13F5}"
EndProject
Project("{FAE04EC0-301F-11D3-BF4B-00C04F79EFBC}") = "Tyuiu.SolovevVG.Sprint1.Task0.V8", "Tyuiu.SolovevVG.Sprint1.Task0.V8\Tyuiu.SolovevVG.Sprint1.Task0.V8.csproj", "{28CC5ED9-7ED6-43C4-9FB4-4414A1CCE1B0}"
EndProject
Project("{FAE04EC0-301F-11D3-BF4B-00C04F79EFBC}") = "Tyuiu.SolovevVG.Sprint1.Task0.V8.Test", "Tyuiu.SolovevVG.Sprint1.Task0.V8.Test\Tyuiu.SolovevVG.Sprint1.Task0.V8.Test.csproj", "{84023E9D-C660-4475-93E9-9540E80FD4B3}"
EndProject
Project("{FAE04EC0-301F-11D3-BF4B-00C04F79EFBC}") = "Tyuiu.SolovevVG.Sprint1.Task0.V8.Lib", "Tyuiu.SolovevVG.Sprint1.Task0.V8.Lib\Tyuiu.SolovevVG.Sprint1.Task0.V8.Lib.csproj", "{1C9DE768-B57E-4F19-99A2-29BC40F6A2CF}"
EndProject
Project("{2150E333-8FDC-42A3-9474-1A3956D46DE8}") = "Task1", "Task1", "{BABEFA1D-84D4-490B-8EF1-866ACA08CCDE}"
EndProject
Project("{FAE04EC0-301F-11D3-BF4B-00C04F79EFBC}") = "Tyuiu.SolovevVG.Sprint1.Task1.V4", "Tyuiu.SolovevVG.Sprint1.Task1.V4\Tyuiu.SolovevVG.Sprint1.Task1.V4.csproj", "{1C0CA208-5BB3-4DDD-801A-28D974E40AA6}"
EndProject
Project("{FAE04EC0-301F-11D3-BF4B-00C04F79EFBC}") = "Tyuiu.SolovevVG.Sprint1.Task1.V4.Lib", "Tyuiu.SolovevVG.Sprint1.Task1.V4.Lib\Tyuiu.SolovevVG.Sprint1.Task1.V4.Lib.csproj", "{8988E3DB-1632-4A1C-8B88-2CF9895CD627}"
EndProject
Project("{FAE04EC0-301F-11D3-BF4B-00C04F79EFBC}") = "Tyuiu.SolovevVG.Sprint1.Task1.V4.Test", "Tyuiu.SolovevVG.Sprint1.Task1.V4.Test\Tyuiu.SolovevVG.Sprint1.Task1.V4.Test.csproj", "{6FC34335-922C-4A10-8890-53716ABD059C}"
EndProject
Global
	GlobalSection(SolutionConfigurationPlatforms) = preSolution
		Debug|Any CPU = Debug|Any CPU
		Release|Any CPU = Release|Any CPU
	EndGlobalSection
	GlobalSection(ProjectConfigurationPlatforms) = postSolution
		{28CC5ED9-7ED6-43C4-9FB4-4414A1CCE1B0}.Debug|Any CPU.ActiveCfg = Debug|Any CPU
		{28CC5ED9-7ED6-43C4-9FB4-4414A1CCE1B0}.Debug|Any CPU.Build.0 = Debug|Any CPU
		{28CC5ED9-7ED6-43C4-9FB4-4414A1CCE1B0}.Release|Any CPU.ActiveCfg = Release|Any CPU
		{28CC5ED9-7ED6-43C4-9FB4-4414A1CCE1B0}.Release|Any CPU.Build.0 = Release|Any CPU
		{84023E9D-C660-4475-93E9-9540E80FD4B3}.Debug|Any CPU.ActiveCfg = Debug|Any CPU
		{84023E9D-C660-4475-93E9-9540E80FD4B3}.Debug|Any CPU.Build.0 = Debug|Any CPU
		{84023E9D-C660-4475-93E9-9540E80FD4B3}.Release|Any CPU.ActiveCfg = Release|Any CPU
		{84023E9D-C660-4475-93E9-9540E80FD4B3}.Release|Any CPU.Build.0 = Release|Any CPU
		{1C9DE768-B57E-4F19-99A2-29BC40F6A2CF}.Debug|Any CPU.ActiveCfg = Debug|Any CPU
		{1C9DE768-B57E-4F19-99A2-29BC40F6A2CF}.Debug|Any CPU.Build.0 = Debug|Any CPU
		{1C9DE768-B57E-4F19-99A2-29BC40F6A2CF}.Release|Any CPU.ActiveCfg = Release|Any CPU
		{1C9DE768-B57E-4F19-99A2-29BC40F6A2CF}.Release|Any CPU.Build.0 = Release|Any CPU
		{1C0CA208-5BB3-4DDD-801A-28D974E40AA6}.Debug|Any CPU.ActiveCfg = Debug|Any CPU
		{1C0CA208-5BB3-4DDD-801A-28D974E40AA6}.Debug|Any CPU.Build.0 = Debug|Any CPU
		{1C0CA208-5BB3-4DDD-801A-28D974E40AA6}.Release|Any CPU.ActiveCfg = Release|Any CPU
		{1C0CA208-5BB3-4DDD-801A-28D974E40AA6}.Release|Any CPU.Build.0 = Release|Any CPU
		{8988E3DB-1632-4A1C-8B88-2CF9895CD627}.Debug|Any CPU.ActiveCfg = Debug|Any CPU
		{8988E3DB-1632-4A1C-8B88-2CF9895CD627}.Debug|Any CPU.Build.0 = Debug|Any CPU
		{8988E3DB-1632-4A1C-8B88-2CF9895CD627}.Release|Any CPU.ActiveCfg = Release|Any CPU
		{8988E3DB-1632-4A1C-8B88-2CF9895CD627}.Release|Any CPU.Build.0 = Release|Any CPU
		{6FC34335-922C-4A10-8890-53716ABD059C}.Debug|Any CPU.ActiveCfg = Debug|Any CPU
		{6FC34335-922C-4A10-8890-53716ABD059C}.Debug|Any CPU.Build.0 = Debug|Any CPU
		{6FC34335-922C-4A10-8890-53716ABD059C}.Release|Any CPU.ActiveCfg = Release|Any CPU
		{6FC34335-922C-4A10-8890-53716ABD059C}.Release|Any CPU.Build.0 = Release|Any CPU
	EndGlobalSection
	GlobalSection(SolutionProperties) = preSolution
		HideSolutionNode = FALSE
	EndGlobalSection
	GlobalSection(NestedProjects) = preSolution
		{28CC5ED9-7ED6-43C4-9FB4-4414A1CCE1B0} = {5985C083-F595-4BB9-A3C8-957B371D13F5}
		{84023E9D-C660-4475-93E9-9540E80FD4B3} = {5985C083-F595-4BB9-A3C8-957B371D13F5}
		{1C9DE768-B57E-4F19-99A2-29BC40F6A2CF} = {5985C083-F595-4BB9-A3C8-957B371D13F5}
		{1C0CA208-5BB3-4DDD-801A-28D974E40AA6} = {BABEFA1D-84D4-490B-8EF1-866ACA08CCDE}
		{8988E3DB-1632-4A1C-8B88-2CF9895CD627} = {BABEFA1D-84D4-490B-8EF1-866ACA08CCDE}
		{6FC34335-922C-4A10-8890-53716ABD059C} = {BABEFA1D-84D4-490B-8EF1-866ACA08CCDE}
	EndGlobalSection
	GlobalSection(ExtensibilityGlobals) = postSolution
		SolutionGuid = {6980BAFC-EF6C-4CD8-8AE8-AB8FBF831479}
	EndGlobalSection
EndGlobal
